# THIS IS AN AUTOGENERATED FILE. DO NOT EDIT THIS FILE DIRECTLY.
# yarn lockfile v1


"@first-lego-league/user-interface@^1.3.7":
  version "1.3.7"
  resolved "https://registry.yarnpkg.com/@first-lego-league/user-interface/-/user-interface-1.3.7.tgz#5489fe23316a63b214664829788b8780e9a9a1d1"
  dependencies:
    hamburgers "^0.9.3"

hamburgers@^0.9.3:
  version "0.9.3"
  resolved "https://registry.yarnpkg.com/hamburgers/-/hamburgers-0.9.3.tgz#73b3d299652a028647ca68b2957df172c76cc636"
